
Microsoft Visual Studio Solution File, Format Version 12.00
# Visual Studio Version 17
VisualStudioVersion = 17.14.36414.22 d17.14
MinimumVisualStudioVersion = 10.0.40219.1
Project("{FAE04EC0-301F-11D3-BF4B-00C04F79EFBC}") = "navigator_hmi", "navigator_hmi.csproj", "{858B7586-FEC3-4150-87EF-13A4F6F79039}"
EndProject
Global
	GlobalSection(SolutionConfigurationPlatforms) = preSolution
		Debug|Any CPU = Debug|Any CPU
		Release|Any CPU = Release|Any CPU
	EndGlobalSection
	GlobalSection(ProjectConfigurationPlatforms) = postSolution
		{858B7586-FEC3-4150-87EF-13A4F6F79039}.Debug|Any CPU.ActiveCfg = Debug|Any CPU
		{858B7586-FEC3-4150-87EF-13A4F6F79039}.Debug|Any CPU.Build.0 = Debug|Any CPU
		{858B7586-FEC3-4150-87EF-13A4F6F79039}.Release|Any CPU.ActiveCfg = Release|Any CPU
		{858B7586-FEC3-4150-87EF-13A4F6F79039}.Release|Any CPU.Build.0 = Release|Any CPU
	EndGlobalSection
	GlobalSection(SolutionProperties) = preSolution
		HideSolutionNode = FALSE
	EndGlobalSection
	GlobalSection(ExtensibilityGlobals) = postSolution
		SolutionGuid = {28A62B75-63DD-40E7-89C6-28B3F1D70F27}
	EndGlobalSection
EndGlobal
